
Microsoft Visual Studio Solution File, Format Version 12.00
# Visual Studio Version 17
VisualStudioVersion = 17.0.31903.59
MinimumVisualStudioVersion = 10.0.40219.1
Project("{2150E333-8FDC-42A3-9474-1A3956D46DE8}") = "src", "src", "{A57F1EA6-19A1-4E65-A3E0-1B3BA2F09ECA}"
EndProject
Project("{9A19103F-16F7-4668-BE54-9A1E7A4F7556}") = "GdprRecord.Server", "src\GdprRecord.Server\GdprRecord.Server.csproj", "{85363260-D4DF-4F38-B520-770C279EE4FB}"
EndProject
Project("{9A19103F-16F7-4668-BE54-9A1E7A4F7556}") = "GdprRecord.Server.Feature.Organization", "src\GdprRecord.Server.Feature.Organization\GdprRecord.Server.Feature.Organization.csproj", "{7F6B09FE-F5D3-4E1B-9900-80CEE8D573FE}"
EndProject
Project("{9A19103F-16F7-4668-BE54-9A1E7A4F7556}") = "GdprRecord.Server.Feature.ProcessingActivity", "src\GdprRecord.Server.Feature.ProcessingActivity\GdprRecord.Server.Feature.ProcessingActivity.csproj", "{99E97933-3E7B-4E8D-832C-88155D5834E5}"
EndProject
Project("{2150E333-8FDC-42A3-9474-1A3956D46DE8}") = "Solution Items", "Solution Items", "{BA27841A-9983-474B-A191-E189FCC176ED}"
	ProjectSection(SolutionItems) = preProject
		.editorconfig = .editorconfig
		README.md = README.md
	EndProjectSection
EndProject
Global
	GlobalSection(SolutionConfigurationPlatforms) = preSolution
		Debug|Any CPU = Debug|Any CPU
		Release|Any CPU = Release|Any CPU
	EndGlobalSection
	GlobalSection(ProjectConfigurationPlatforms) = postSolution
		{85363260-D4DF-4F38-B520-770C279EE4FB}.Debug|Any CPU.ActiveCfg = Debug|Any CPU
		{85363260-D4DF-4F38-B520-770C279EE4FB}.Debug|Any CPU.Build.0 = Debug|Any CPU
		{85363260-D4DF-4F38-B520-770C279EE4FB}.Release|Any CPU.ActiveCfg = Release|Any CPU
		{85363260-D4DF-4F38-B520-770C279EE4FB}.Release|Any CPU.Build.0 = Release|Any CPU
		{7F6B09FE-F5D3-4E1B-9900-80CEE8D573FE}.Debug|Any CPU.ActiveCfg = Debug|Any CPU
		{7F6B09FE-F5D3-4E1B-9900-80CEE8D573FE}.Debug|Any CPU.Build.0 = Debug|Any CPU
		{7F6B09FE-F5D3-4E1B-9900-80CEE8D573FE}.Release|Any CPU.ActiveCfg = Release|Any CPU
		{7F6B09FE-F5D3-4E1B-9900-80CEE8D573FE}.Release|Any CPU.Build.0 = Release|Any CPU
		{99E97933-3E7B-4E8D-832C-88155D5834E5}.Debug|Any CPU.ActiveCfg = Debug|Any CPU
		{99E97933-3E7B-4E8D-832C-88155D5834E5}.Debug|Any CPU.Build.0 = Debug|Any CPU
		{99E97933-3E7B-4E8D-832C-88155D5834E5}.Release|Any CPU.ActiveCfg = Release|Any CPU
		{99E97933-3E7B-4E8D-832C-88155D5834E5}.Release|Any CPU.Build.0 = Release|Any CPU
	EndGlobalSection
	GlobalSection(SolutionProperties) = preSolution
		HideSolutionNode = FALSE
	EndGlobalSection
	GlobalSection(NestedProjects) = preSolution
		{85363260-D4DF-4F38-B520-770C279EE4FB} = {A57F1EA6-19A1-4E65-A3E0-1B3BA2F09ECA}
		{7F6B09FE-F5D3-4E1B-9900-80CEE8D573FE} = {A57F1EA6-19A1-4E65-A3E0-1B3BA2F09ECA}
		{99E97933-3E7B-4E8D-832C-88155D5834E5} = {A57F1EA6-19A1-4E65-A3E0-1B3BA2F09ECA}
	EndGlobalSection
	GlobalSection(ExtensibilityGlobals) = postSolution
		SolutionGuid = {8C3008FD-62D3-4BB4-BFC2-C3AB1CCFF088}
	EndGlobalSection
EndGlobal
